// !$*UTF8*$!
{
	archiveVersion = 1;
	classes = {
	};
	objectVersion = 56;
	objects = {

/* Begin PBXBuildFile section */
		DF08BA922A48516F009A6991 /* InfoPanelView.swift in Sources */ = {isa = PBXBuildFile; fileRef = DF08BA912A48516F009A6991 /* InfoPanelView.swift */; };
		DF08BA942A485907009A6991 /* ControlImageView.swift in Sources */ = {isa = PBXBuildFile; fileRef = DF08BA932A485907009A6991 /* ControlImageView.swift */; };
		DF08BA962A48622A009A6991 /* PageModel.swift in Sources */ = {isa = PBXBuildFile; fileRef = DF08BA952A48622A009A6991 /* PageModel.swift */; };
		DF08BA982A486287009A6991 /* PageData.swift in Sources */ = {isa = PBXBuildFile; fileRef = DF08BA972A486287009A6991 /* PageData.swift */; };
		DF4744C12A468DDD004000BC /* CircleGroupView.swift in Sources */ = {isa = PBXBuildFile; fileRef = DF4744C02A468DDD004000BC /* CircleGroupView.swift */; };
		DF4744C32A4704CE004000BC /* AudioPlayer.swift in Sources */ = {isa = PBXBuildFile; fileRef = DF4744C22A4704CE004000BC /* AudioPlayer.swift */; };
		DF4744CB2A476673004000BC /* PinchApp.swift in Sources */ = {isa = PBXBuildFile; fileRef = DF4744CA2A476673004000BC /* PinchApp.swift */; };
		DF4744CD2A476673004000BC /* ContentView.swift in Sources */ = {isa = PBXBuildFile; fileRef = DF4744CC2A476673004000BC /* ContentView.swift */; };
		DF4744CF2A476675004000BC /* Assets.xcassets in Resources */ = {isa = PBXBuildFile; fileRef = DF4744CE2A476675004000BC /* Assets.xcassets */; };
		DF4744D22A476675004000BC /* Preview Assets.xcassets in Resources */ = {isa = PBXBuildFile; fileRef = DF4744D12A476675004000BC /* Preview Assets.xcassets */; };
		DF51F9882A44A5E400AE6AFE /* HelloWorldApp.swift in Sources */ = {isa = PBXBuildFile; fileRef = DF51F9872A44A5E400AE6AFE /* HelloWorldApp.swift */; };
		DF51F98A2A44A5E400AE6AFE /* ContentView.swift in Sources */ = {isa = PBXBuildFile; fileRef = DF51F9892A44A5E400AE6AFE /* ContentView.swift */; };
		DF51F98C2A44A5E400AE6AFE /* Assets.xcassets in Resources */ = {isa = PBXBuildFile; fileRef = DF51F98B2A44A5E400AE6AFE /* Assets.xcassets */; };
		DF51F98F2A44A5E400AE6AFE /* Preview Assets.xcassets in Resources */ = {isa = PBXBuildFile; fileRef = DF51F98E2A44A5E400AE6AFE /* Preview Assets.xcassets */; };
		DF51F9AE2A44B6D600AE6AFE /* RestartApp.swift in Sources */ = {isa = PBXBuildFile; fileRef = DF51F9AD2A44B6D600AE6AFE /* RestartApp.swift */; };
		DF51F9B02A44B6D600AE6AFE /* ContentView.swift in Sources */ = {isa = PBXBuildFile; fileRef = DF51F9AF2A44B6D600AE6AFE /* ContentView.swift */; };
		DF51F9B22A44B6D700AE6AFE /* Assets.xcassets in Resources */ = {isa = PBXBuildFile; fileRef = DF51F9B12A44B6D700AE6AFE /* Assets.xcassets */; };
		DF51F9B52A44B6D700AE6AFE /* Preview Assets.xcassets in Resources */ = {isa = PBXBuildFile; fileRef = DF51F9B42A44B6D700AE6AFE /* Preview Assets.xcassets */; };
		DF51F9BB2A44BA6B00AE6AFE /* success.m4a in Resources */ = {isa = PBXBuildFile; fileRef = DF51F9B92A44BA6B00AE6AFE /* success.m4a */; };
		DF51F9BC2A44BA6B00AE6AFE /* chimeup.mp3 in Resources */ = {isa = PBXBuildFile; fileRef = DF51F9BA2A44BA6B00AE6AFE /* chimeup.mp3 */; };
		DF51F9C62A44BE7C00AE6AFE /* OnboardingView.swift in Sources */ = {isa = PBXBuildFile; fileRef = DF51F9C52A44BE7C00AE6AFE /* OnboardingView.swift */; };
		DF51F9C82A44BE8400AE6AFE /* HomeView.swift in Sources */ = {isa = PBXBuildFile; fileRef = DF51F9C72A44BE8400AE6AFE /* HomeView.swift */; };
		DF6265012A4B2FD5006C5E06 /* FruitHeaderView.swift in Sources */ = {isa = PBXBuildFile; fileRef = DF6265002A4B2FD5006C5E06 /* FruitHeaderView.swift */; };
		DF6265032A4B31E8006C5E06 /* SourceLinkView.swift in Sources */ = {isa = PBXBuildFile; fileRef = DF6265022A4B31E8006C5E06 /* SourceLinkView.swift */; };
		DF6265072A4B38DA006C5E06 /* FruitNutrientsView.swift in Sources */ = {isa = PBXBuildFile; fileRef = DF6265062A4B38DA006C5E06 /* FruitNutrientsView.swift */; };
		DF6265092A4B39B8006C5E06 /* SettingsView.swift in Sources */ = {isa = PBXBuildFile; fileRef = DF6265082A4B39B8006C5E06 /* SettingsView.swift */; };
		DF62650B2A4B3EDB006C5E06 /* SettingsLabelView.swift in Sources */ = {isa = PBXBuildFile; fileRef = DF62650A2A4B3EDB006C5E06 /* SettingsLabelView.swift */; };
		DF62650F2A4B42FD006C5E06 /* SettingsRowView.swift in Sources */ = {isa = PBXBuildFile; fileRef = DF62650E2A4B42FD006C5E06 /* SettingsRowView.swift */; };
		DFE431D02A48766C00CBC596 /* HikingApp.swift in Sources */ = {isa = PBXBuildFile; fileRef = DFE431CF2A48766C00CBC596 /* HikingApp.swift */; };
		DFE431D22A48766C00CBC596 /* ContentView.swift in Sources */ = {isa = PBXBuildFile; fileRef = DFE431D12A48766C00CBC596 /* ContentView.swift */; };
		DFE431D42A48766D00CBC596 /* Assets.xcassets in Resources */ = {isa = PBXBuildFile; fileRef = DFE431D32A48766D00CBC596 /* Assets.xcassets */; };
		DFE431D72A48766D00CBC596 /* Preview Assets.xcassets in Resources */ = {isa = PBXBuildFile; fileRef = DFE431D62A48766D00CBC596 /* Preview Assets.xcassets */; };
		DFE431DC2A4878EB00CBC596 /* CardView.swift in Sources */ = {isa = PBXBuildFile; fileRef = DFE431DB2A4878EB00CBC596 /* CardView.swift */; };
		DFE431DF2A4879AE00CBC596 /* CustomBackgroundView.swift in Sources */ = {isa = PBXBuildFile; fileRef = DFE431DE2A4879AE00CBC596 /* CustomBackgroundView.swift */; };
		DFE431E22A487AD200CBC596 /* ColorExtension.swift in Sources */ = {isa = PBXBuildFile; fileRef = DFE431E12A487AD200CBC596 /* ColorExtension.swift */; };
		DFE431E42A48806F00CBC596 /* CustomButtonView.swift in Sources */ = {isa = PBXBuildFile; fileRef = DFE431E32A48806F00CBC596 /* CustomButtonView.swift */; };
		DFE431E62A4884BA00CBC596 /* GradientButtonStyle.swift in Sources */ = {isa = PBXBuildFile; fileRef = DFE431E52A4884BA00CBC596 /* GradientButtonStyle.swift */; };
		DFE431E82A488BEA00CBC596 /* CustomCircleView.swift in Sources */ = {isa = PBXBuildFile; fileRef = DFE431E72A488BEA00CBC596 /* CustomCircleView.swift */; };
		DFE431EA2A488D6400CBC596 /* MotionAnimationView.swift in Sources */ = {isa = PBXBuildFile; fileRef = DFE431E92A488D6400CBC596 /* MotionAnimationView.swift */; };
		DFE431F22A48946B00CBC596 /* FructusApp.swift in Sources */ = {isa = PBXBuildFile; fileRef = DFE431F12A48946B00CBC596 /* FructusApp.swift */; };
		DFE431F42A48946B00CBC596 /* ContentView.swift in Sources */ = {isa = PBXBuildFile; fileRef = DFE431F32A48946B00CBC596 /* ContentView.swift */; };
		DFE431F62A48946D00CBC596 /* Assets.xcassets in Resources */ = {isa = PBXBuildFile; fileRef = DFE431F52A48946D00CBC596 /* Assets.xcassets */; };
		DFE431F92A48946D00CBC596 /* Preview Assets.xcassets in Resources */ = {isa = PBXBuildFile; fileRef = DFE431F82A48946D00CBC596 /* Preview Assets.xcassets */; };
		DFE432002A49C8BA00CBC596 /* FruitCardView.swift in Sources */ = {isa = PBXBuildFile; fileRef = DFE431FF2A49C8BA00CBC596 /* FruitCardView.swift */; };
		DFE432022A49D23400CBC596 /* StartButtonView.swift in Sources */ = {isa = PBXBuildFile; fileRef = DFE432012A49D23400CBC596 /* StartButtonView.swift */; };
		DFE432042A49D50000CBC596 /* OnboardingView.swift in Sources */ = {isa = PBXBuildFile; fileRef = DFE432032A49D50000CBC596 /* OnboardingView.swift */; };
		DFE432072A49D6AC00CBC596 /* FruitModel.swift in Sources */ = {isa = PBXBuildFile; fileRef = DFE432062A49D6AC00CBC596 /* FruitModel.swift */; };
		DFE4320A2A49D79300CBC596 /* FruitData.swift in Sources */ = {isa = PBXBuildFile; fileRef = DFE432092A49D79300CBC596 /* FruitData.swift */; };
		DFE4320C2A49DF1300CBC596 /* FruitRowView.swift in Sources */ = {isa = PBXBuildFile; fileRef = DFE4320B2A49DF1300CBC596 /* FruitRowView.swift */; };
		DFE4320E2A49E2BF00CBC596 /* FruitDetailView.swift in Sources */ = {isa = PBXBuildFile; fileRef = DFE4320D2A49E2BF00CBC596 /* FruitDetailView.swift */; };
/* End PBXBuildFile section */

/* Begin PBXFileReference section */
		DF08BA912A48516F009A6991 /* InfoPanelView.swift */ = {isa = PBXFileReference; lastKnownFileType = sourcecode.swift; path = InfoPanelView.swift; sourceTree = "<group>"; };
		DF08BA932A485907009A6991 /* ControlImageView.swift */ = {isa = PBXFileReference; lastKnownFileType = sourcecode.swift; path = ControlImageView.swift; sourceTree = "<group>"; };
		DF08BA952A48622A009A6991 /* PageModel.swift */ = {isa = PBXFileReference; lastKnownFileType = sourcecode.swift; path = PageModel.swift; sourceTree = "<group>"; };
		DF08BA972A486287009A6991 /* PageData.swift */ = {isa = PBXFileReference; lastKnownFileType = sourcecode.swift; path = PageData.swift; sourceTree = "<group>"; };
		DF4744C02A468DDD004000BC /* CircleGroupView.swift */ = {isa = PBXFileReference; lastKnownFileType = sourcecode.swift; path = CircleGroupView.swift; sourceTree = "<group>"; };
		DF4744C22A4704CE004000BC /* AudioPlayer.swift */ = {isa = PBXFileReference; lastKnownFileType = sourcecode.swift; path = AudioPlayer.swift; sourceTree = "<group>"; };
		DF4744C82A476673004000BC /* Pinch.app */ = {isa = PBXFileReference; explicitFileType = wrapper.application; includeInIndex = 0; path = Pinch.app; sourceTree = BUILT_PRODUCTS_DIR; };
		DF4744CA2A476673004000BC /* PinchApp.swift */ = {isa = PBXFileReference; lastKnownFileType = sourcecode.swift; path = PinchApp.swift; sourceTree = "<group>"; };
		DF4744CC2A476673004000BC /* ContentView.swift */ = {isa = PBXFileReference; lastKnownFileType = sourcecode.swift; path = ContentView.swift; sourceTree = "<group>"; };
		DF4744CE2A476675004000BC /* Assets.xcassets */ = {isa = PBXFileReference; lastKnownFileType = folder.assetcatalog; path = Assets.xcassets; sourceTree = "<group>"; };
		DF4744D12A476675004000BC /* Preview Assets.xcassets */ = {isa = PBXFileReference; lastKnownFileType = folder.assetcatalog; path = "Preview Assets.xcassets"; sourceTree = "<group>"; };
		DF51F9842A44A5E400AE6AFE /* HelloWorld.app */ = {isa = PBXFileReference; explicitFileType = wrapper.application; includeInIndex = 0; path = HelloWorld.app; sourceTree = BUILT_PRODUCTS_DIR; };
		DF51F9872A44A5E400AE6AFE /* HelloWorldApp.swift */ = {isa = PBXFileReference; lastKnownFileType = sourcecode.swift; path = HelloWorldApp.swift; sourceTree = "<group>"; };
		DF51F9892A44A5E400AE6AFE /* ContentView.swift */ = {isa = PBXFileReference; lastKnownFileType = sourcecode.swift; path = ContentView.swift; sourceTree = "<group>"; };
		DF51F98B2A44A5E400AE6AFE /* Assets.xcassets */ = {isa = PBXFileReference; lastKnownFileType = folder.assetcatalog; path = Assets.xcassets; sourceTree = "<group>"; };
		DF51F98E2A44A5E400AE6AFE /* Preview Assets.xcassets */ = {isa = PBXFileReference; lastKnownFileType = folder.assetcatalog; path = "Preview Assets.xcassets"; sourceTree = "<group>"; };
		DF51F9AB2A44B6D600AE6AFE /* Restart.app */ = {isa = PBXFileReference; explicitFileType = wrapper.application; includeInIndex = 0; path = Restart.app; sourceTree = BUILT_PRODUCTS_DIR; };
		DF51F9AD2A44B6D600AE6AFE /* RestartApp.swift */ = {isa = PBXFileReference; lastKnownFileType = sourcecode.swift; path = RestartApp.swift; sourceTree = "<group>"; };
		DF51F9AF2A44B6D600AE6AFE /* ContentView.swift */ = {isa = PBXFileReference; lastKnownFileType = sourcecode.swift; path = ContentView.swift; sourceTree = "<group>"; };
		DF51F9B12A44B6D700AE6AFE /* Assets.xcassets */ = {isa = PBXFileReference; lastKnownFileType = folder.assetcatalog; path = Assets.xcassets; sourceTree = "<group>"; };
		DF51F9B42A44B6D700AE6AFE /* Preview Assets.xcassets */ = {isa = PBXFileReference; lastKnownFileType = folder.assetcatalog; path = "Preview Assets.xcassets"; sourceTree = "<group>"; };
		DF51F9B92A44BA6B00AE6AFE /* success.m4a */ = {isa = PBXFileReference; lastKnownFileType = file; path = success.m4a; sourceTree = "<group>"; };
		DF51F9BA2A44BA6B00AE6AFE /* chimeup.mp3 */ = {isa = PBXFileReference; lastKnownFileType = audio.mp3; path = chimeup.mp3; sourceTree = "<group>"; };
		DF51F9C22A44BDE800AE6AFE /* Info.plist */ = {isa = PBXFileReference; lastKnownFileType = text.plist; path = Info.plist; sourceTree = "<group>"; };
		DF51F9C52A44BE7C00AE6AFE /* OnboardingView.swift */ = {isa = PBXFileReference; lastKnownFileType = sourcecode.swift; path = OnboardingView.swift; sourceTree = "<group>"; };
		DF51F9C72A44BE8400AE6AFE /* HomeView.swift */ = {isa = PBXFileReference; lastKnownFileType = sourcecode.swift; path = HomeView.swift; sourceTree = "<group>"; };
		DF6265002A4B2FD5006C5E06 /* FruitHeaderView.swift */ = {isa = PBXFileReference; lastKnownFileType = sourcecode.swift; path = FruitHeaderView.swift; sourceTree = "<group>"; };
		DF6265022A4B31E8006C5E06 /* SourceLinkView.swift */ = {isa = PBXFileReference; lastKnownFileType = sourcecode.swift; path = SourceLinkView.swift; sourceTree = "<group>"; };
		DF6265062A4B38DA006C5E06 /* FruitNutrientsView.swift */ = {isa = PBXFileReference; lastKnownFileType = sourcecode.swift; path = FruitNutrientsView.swift; sourceTree = "<group>"; };
		DF6265082A4B39B8006C5E06 /* SettingsView.swift */ = {isa = PBXFileReference; lastKnownFileType = sourcecode.swift; path = SettingsView.swift; sourceTree = "<group>"; };
		DF62650A2A4B3EDB006C5E06 /* SettingsLabelView.swift */ = {isa = PBXFileReference; lastKnownFileType = sourcecode.swift; path = SettingsLabelView.swift; sourceTree = "<group>"; };
		DF62650E2A4B42FD006C5E06 /* SettingsRowView.swift */ = {isa = PBXFileReference; lastKnownFileType = sourcecode.swift; path = SettingsRowView.swift; sourceTree = "<group>"; };
		DFE431CD2A48766C00CBC596 /* Hiking.app */ = {isa = PBXFileReference; explicitFileType = wrapper.application; includeInIndex = 0; path = Hiking.app; sourceTree = BUILT_PRODUCTS_DIR; };
		DFE431CF2A48766C00CBC596 /* HikingApp.swift */ = {isa = PBXFileReference; lastKnownFileType = sourcecode.swift; path = HikingApp.swift; sourceTree = "<group>"; };
		DFE431D12A48766C00CBC596 /* ContentView.swift */ = {isa = PBXFileReference; lastKnownFileType = sourcecode.swift; path = ContentView.swift; sourceTree = "<group>"; };
		DFE431D32A48766D00CBC596 /* Assets.xcassets */ = {isa = PBXFileReference; lastKnownFileType = folder.assetcatalog; path = Assets.xcassets; sourceTree = "<group>"; };
		DFE431D62A48766D00CBC596 /* Preview Assets.xcassets */ = {isa = PBXFileReference; lastKnownFileType = folder.assetcatalog; path = "Preview Assets.xcassets"; sourceTree = "<group>"; };
		DFE431DB2A4878EB00CBC596 /* CardView.swift */ = {isa = PBXFileReference; lastKnownFileType = sourcecode.swift; path = CardView.swift; sourceTree = "<group>"; };
		DFE431DE2A4879AE00CBC596 /* CustomBackgroundView.swift */ = {isa = PBXFileReference; lastKnownFileType = sourcecode.swift; path = CustomBackgroundView.swift; sourceTree = "<group>"; };
		DFE431E12A487AD200CBC596 /* ColorExtension.swift */ = {isa = PBXFileReference; lastKnownFileType = sourcecode.swift; path = ColorExtension.swift; sourceTree = "<group>"; };
		DFE431E32A48806F00CBC596 /* CustomButtonView.swift */ = {isa = PBXFileReference; lastKnownFileType = sourcecode.swift; path = CustomButtonView.swift; sourceTree = "<group>"; };
		DFE431E52A4884BA00CBC596 /* GradientButtonStyle.swift */ = {isa = PBXFileReference; lastKnownFileType = sourcecode.swift; path = GradientButtonStyle.swift; sourceTree = "<group>"; };
		DFE431E72A488BEA00CBC596 /* CustomCircleView.swift */ = {isa = PBXFileReference; lastKnownFileType = sourcecode.swift; path = CustomCircleView.swift; sourceTree = "<group>"; };
		DFE431E92A488D6400CBC596 /* MotionAnimationView.swift */ = {isa = PBXFileReference; lastKnownFileType = sourcecode.swift; path = MotionAnimationView.swift; sourceTree = "<group>"; };
		DFE431EF2A48946B00CBC596 /* Fructus.app */ = {isa = PBXFileReference; explicitFileType = wrapper.application; includeInIndex = 0; path = Fructus.app; sourceTree = BUILT_PRODUCTS_DIR; };
		DFE431F12A48946B00CBC596 /* FructusApp.swift */ = {isa = PBXFileReference; lastKnownFileType = sourcecode.swift; path = FructusApp.swift; sourceTree = "<group>"; };
		DFE431F32A48946B00CBC596 /* ContentView.swift */ = {isa = PBXFileReference; lastKnownFileType = sourcecode.swift; path = ContentView.swift; sourceTree = "<group>"; };
		DFE431F52A48946D00CBC596 /* Assets.xcassets */ = {isa = PBXFileReference; lastKnownFileType = folder.assetcatalog; path = Assets.xcassets; sourceTree = "<group>"; };
		DFE431F82A48946D00CBC596 /* Preview Assets.xcassets */ = {isa = PBXFileReference; lastKnownFileType = folder.assetcatalog; path = "Preview Assets.xcassets"; sourceTree = "<group>"; };
		DFE431FF2A49C8BA00CBC596 /* FruitCardView.swift */ = {isa = PBXFileReference; lastKnownFileType = sourcecode.swift; path = FruitCardView.swift; sourceTree = "<group>"; };
		DFE432012A49D23400CBC596 /* StartButtonView.swift */ = {isa = PBXFileReference; lastKnownFileType = sourcecode.swift; path = StartButtonView.swift; sourceTree = "<group>"; };
		DFE432032A49D50000CBC596 /* OnboardingView.swift */ = {isa = PBXFileReference; lastKnownFileType = sourcecode.swift; path = OnboardingView.swift; sourceTree = "<group>"; };
		DFE432062A49D6AC00CBC596 /* FruitModel.swift */ = {isa = PBXFileReference; lastKnownFileType = sourcecode.swift; path = FruitModel.swift; sourceTree = "<group>"; };
		DFE432092A49D79300CBC596 /* FruitData.swift */ = {isa = PBXFileReference; lastKnownFileType = sourcecode.swift; path = FruitData.swift; sourceTree = "<group>"; };
		DFE4320B2A49DF1300CBC596 /* FruitRowView.swift */ = {isa = PBXFileReference; lastKnownFileType = sourcecode.swift; path = FruitRowView.swift; sourceTree = "<group>"; };
		DFE4320D2A49E2BF00CBC596 /* FruitDetailView.swift */ = {isa = PBXFileReference; lastKnownFileType = sourcecode.swift; path = FruitDetailView.swift; sourceTree = "<group>"; };
/* End PBXFileReference section */

/* Begin PBXFrameworksBuildPhase section */
		DF4744C52A476673004000BC /* Frameworks */ = {
			isa = PBXFrameworksBuildPhase;
			buildActionMask = 2147483647;
			files = (
			);
			runOnlyForDeploymentPostprocessing = 0;
		};
		DF51F9812A44A5E400AE6AFE /* Frameworks */ = {
			isa = PBXFrameworksBuildPhase;
			buildActionMask = 2147483647;
			files = (
			);
			runOnlyForDeploymentPostprocessing = 0;
		};
		DF51F9A82A44B6D600AE6AFE /* Frameworks */ = {
			isa = PBXFrameworksBuildPhase;
			buildActionMask = 2147483647;
			files = (
			);
			runOnlyForDeploymentPostprocessing = 0;
		};
		DFE431CA2A48766C00CBC596 /* Frameworks */ = {
			isa = PBXFrameworksBuildPhase;
			buildActionMask = 2147483647;
			files = (
			);
			runOnlyForDeploymentPostprocessing = 0;
		};
		DFE431EC2A48946B00CBC596 /* Frameworks */ = {
			isa = PBXFrameworksBuildPhase;
			buildActionMask = 2147483647;
			files = (
			);
			runOnlyForDeploymentPostprocessing = 0;
		};
/* End PBXFrameworksBuildPhase section */

/* Begin PBXGroup section */
		DF4744C92A476673004000BC /* Pinch */ = {
			isa = PBXGroup;
			children = (
				DF4744D92A476956004000BC /* Data */,
				DF4744D82A47694C004000BC /* Model */,
				DF4744D62A476902004000BC /* View */,
				DF4744D72A47692E004000BC /* Screen */,
				DF4744CA2A476673004000BC /* PinchApp.swift */,
				DF4744CE2A476675004000BC /* Assets.xcassets */,
				DF4744D02A476675004000BC /* Preview Content */,
			);
			path = Pinch;
			sourceTree = "<group>";
		};
		DF4744D02A476675004000BC /* Preview Content */ = {
			isa = PBXGroup;
			children = (
				DF4744D12A476675004000BC /* Preview Assets.xcassets */,
			);
			path = "Preview Content";
			sourceTree = "<group>";
		};
		DF4744D62A476902004000BC /* View */ = {
			isa = PBXGroup;
			children = (
				DF08BA912A48516F009A6991 /* InfoPanelView.swift */,
				DF08BA932A485907009A6991 /* ControlImageView.swift */,
			);
			path = View;
			sourceTree = "<group>";
		};
		DF4744D72A47692E004000BC /* Screen */ = {
			isa = PBXGroup;
			children = (
				DF4744CC2A476673004000BC /* ContentView.swift */,
			);
			path = Screen;
			sourceTree = "<group>";
		};
		DF4744D82A47694C004000BC /* Model */ = {
			isa = PBXGroup;
			children = (
				DF08BA952A48622A009A6991 /* PageModel.swift */,
			);
			path = Model;
			sourceTree = "<group>";
		};
		DF4744D92A476956004000BC /* Data */ = {
			isa = PBXGroup;
			children = (
				DF08BA972A486287009A6991 /* PageData.swift */,
			);
			path = Data;
			sourceTree = "<group>";
		};
		DF51F97B2A44A5E400AE6AFE = {
			isa = PBXGroup;
			children = (
				DF51F9862A44A5E400AE6AFE /* HelloWorld */,
				DF51F9AC2A44B6D600AE6AFE /* Restart */,
				DF4744C92A476673004000BC /* Pinch */,
				DFE431CE2A48766C00CBC596 /* Hiking */,
				DFE431F02A48946B00CBC596 /* Fructus */,
				DF51F9852A44A5E400AE6AFE /* Products */,
			);
			sourceTree = "<group>";
		};
		DF51F9852A44A5E400AE6AFE /* Products */ = {
			isa = PBXGroup;
			children = (
				DF51F9842A44A5E400AE6AFE /* HelloWorld.app */,
				DF51F9AB2A44B6D600AE6AFE /* Restart.app */,
				DF4744C82A476673004000BC /* Pinch.app */,
				DFE431CD2A48766C00CBC596 /* Hiking.app */,
				DFE431EF2A48946B00CBC596 /* Fructus.app */,
			);
			name = Products;
			sourceTree = "<group>";
		};
		DF51F9862A44A5E400AE6AFE /* HelloWorld */ = {
			isa = PBXGroup;
			children = (
				DF51F9872A44A5E400AE6AFE /* HelloWorldApp.swift */,
				DF51F9892A44A5E400AE6AFE /* ContentView.swift */,
				DF51F98B2A44A5E400AE6AFE /* Assets.xcassets */,
				DF51F98D2A44A5E400AE6AFE /* Preview Content */,
			);
			path = HelloWorld;
			sourceTree = "<group>";
		};
		DF51F98D2A44A5E400AE6AFE /* Preview Content */ = {
			isa = PBXGroup;
			children = (
				DF51F98E2A44A5E400AE6AFE /* Preview Assets.xcassets */,
			);
			path = "Preview Content";
			sourceTree = "<group>";
		};
		DF51F9AC2A44B6D600AE6AFE /* Restart */ = {
			isa = PBXGroup;
			children = (
				DF51F9C22A44BDE800AE6AFE /* Info.plist */,
				DF51F9C12A44BC0500AE6AFE /* Utilities */,
				DF51F9C02A44BBE800AE6AFE /* Views */,
				DF51F9BE2A44BA9300AE6AFE /* Sounds */,
				DF51F9AD2A44B6D600AE6AFE /* RestartApp.swift */,
				DF51F9BF2A44BBD200AE6AFE /* Screen */,
				DF51F9B12A44B6D700AE6AFE /* Assets.xcassets */,
				DF51F9B32A44B6D700AE6AFE /* Preview Content */,
			);
			path = Restart;
			sourceTree = "<group>";
		};
		DF51F9B32A44B6D700AE6AFE /* Preview Content */ = {
			isa = PBXGroup;
			children = (
				DF51F9B42A44B6D700AE6AFE /* Preview Assets.xcassets */,
			);
			path = "Preview Content";
			sourceTree = "<group>";
		};
		DF51F9BE2A44BA9300AE6AFE /* Sounds */ = {
			isa = PBXGroup;
			children = (
				DF51F9BA2A44BA6B00AE6AFE /* chimeup.mp3 */,
				DF51F9B92A44BA6B00AE6AFE /* success.m4a */,
			);
			path = Sounds;
			sourceTree = "<group>";
		};
		DF51F9BF2A44BBD200AE6AFE /* Screen */ = {
			isa = PBXGroup;
			children = (
				DF51F9AF2A44B6D600AE6AFE /* ContentView.swift */,
				DF51F9C52A44BE7C00AE6AFE /* OnboardingView.swift */,
				DF51F9C72A44BE8400AE6AFE /* HomeView.swift */,
			);
			path = Screen;
			sourceTree = "<group>";
		};
		DF51F9C02A44BBE800AE6AFE /* Views */ = {
			isa = PBXGroup;
			children = (
				DF4744C02A468DDD004000BC /* CircleGroupView.swift */,
			);
			path = Views;
			sourceTree = "<group>";
		};
		DF51F9C12A44BC0500AE6AFE /* Utilities */ = {
			isa = PBXGroup;
			children = (
				DF4744C22A4704CE004000BC /* AudioPlayer.swift */,
			);
			path = Utilities;
			sourceTree = "<group>";
		};
		DFE431CE2A48766C00CBC596 /* Hiking */ = {
			isa = PBXGroup;
			children = (
				DFE431DD2A48799700CBC596 /* Component */,
				DFE431E02A487AB500CBC596 /* Utility */,
				DFE431D52A48766D00CBC596 /* Preview Content */,
				DFE431CF2A48766C00CBC596 /* HikingApp.swift */,
				DFE431D12A48766C00CBC596 /* ContentView.swift */,
				DFE431D32A48766D00CBC596 /* Assets.xcassets */,
			);
			path = Hiking;
			sourceTree = "<group>";
		};
		DFE431D52A48766D00CBC596 /* Preview Content */ = {
			isa = PBXGroup;
			children = (
				DFE431D62A48766D00CBC596 /* Preview Assets.xcassets */,
			);
			path = "Preview Content";
			sourceTree = "<group>";
		};
		DFE431DD2A48799700CBC596 /* Component */ = {
			isa = PBXGroup;
			children = (
				DFE431DB2A4878EB00CBC596 /* CardView.swift */,
				DFE431E92A488D6400CBC596 /* MotionAnimationView.swift */,
				DFE431DE2A4879AE00CBC596 /* CustomBackgroundView.swift */,
				DFE431E32A48806F00CBC596 /* CustomButtonView.swift */,
				DFE431E72A488BEA00CBC596 /* CustomCircleView.swift */,
			);
			path = Component;
			sourceTree = "<group>";
		};
		DFE431E02A487AB500CBC596 /* Utility */ = {
			isa = PBXGroup;
			children = (
				DFE431E12A487AD200CBC596 /* ColorExtension.swift */,
				DFE431E52A4884BA00CBC596 /* GradientButtonStyle.swift */,
			);
			path = Utility;
			sourceTree = "<group>";
		};
		DFE431F02A48946B00CBC596 /* Fructus */ = {
			isa = PBXGroup;
			children = (
				DFE432082A49D78400CBC596 /* Data */,
				DFE432052A49D69B00CBC596 /* Model */,
				DFE431FE2A49C88F00CBC596 /* View */,
				DFE431FD2A49C86100CBC596 /* App */,
				DFE431F52A48946D00CBC596 /* Assets.xcassets */,
				DFE431F72A48946D00CBC596 /* Preview Content */,
			);
			path = Fructus;
			sourceTree = "<group>";
		};
		DFE431F72A48946D00CBC596 /* Preview Content */ = {
			isa = PBXGroup;
			children = (
				DFE431F82A48946D00CBC596 /* Preview Assets.xcassets */,
			);
			path = "Preview Content";
			sourceTree = "<group>";
		};
		DFE431FD2A49C86100CBC596 /* App */ = {
			isa = PBXGroup;
			children = (
				DFE431F12A48946B00CBC596 /* FructusApp.swift */,
				DFE431F32A48946B00CBC596 /* ContentView.swift */,
				DFE432032A49D50000CBC596 /* OnboardingView.swift */,
				DFE4320D2A49E2BF00CBC596 /* FruitDetailView.swift */,
				DF6265082A4B39B8006C5E06 /* SettingsView.swift */,
			);
			path = App;
			sourceTree = "<group>";
		};
		DFE431FE2A49C88F00CBC596 /* View */ = {
			isa = PBXGroup;
			children = (
				DFE431FF2A49C8BA00CBC596 /* FruitCardView.swift */,
				DFE432012A49D23400CBC596 /* StartButtonView.swift */,
				DFE4320B2A49DF1300CBC596 /* FruitRowView.swift */,
				DF6265002A4B2FD5006C5E06 /* FruitHeaderView.swift */,
				DF6265022A4B31E8006C5E06 /* SourceLinkView.swift */,
				DF6265062A4B38DA006C5E06 /* FruitNutrientsView.swift */,
				DF62650A2A4B3EDB006C5E06 /* SettingsLabelView.swift */,
				DF62650E2A4B42FD006C5E06 /* SettingsRowView.swift */,
			);
			path = View;
			sourceTree = "<group>";
		};
		DFE432052A49D69B00CBC596 /* Model */ = {
			isa = PBXGroup;
			children = (
				DFE432062A49D6AC00CBC596 /* FruitModel.swift */,
			);
			path = Model;
			sourceTree = "<group>";
		};
		DFE432082A49D78400CBC596 /* Data */ = {
			isa = PBXGroup;
			children = (
				DFE432092A49D79300CBC596 /* FruitData.swift */,
			);
			path = Data;
			sourceTree = "<group>";
		};
/* End PBXGroup section */

/* Begin PBXNativeTarget section */
		DF4744C72A476673004000BC /* Pinch */ = {
			isa = PBXNativeTarget;
			buildConfigurationList = DF4744D32A476675004000BC /* Build configuration list for PBXNativeTarget "Pinch" */;
			buildPhases = (
				DF4744C42A476673004000BC /* Sources */,
				DF4744C52A476673004000BC /* Frameworks */,
				DF4744C62A476673004000BC /* Resources */,
			);
			buildRules = (
			);
			dependencies = (
			);
			name = Pinch;
			productName = Pinch;
			productReference = DF4744C82A476673004000BC /* Pinch.app */;
			productType = "com.apple.product-type.application";
		};
		DF51F9832A44A5E400AE6AFE /* HelloWorld */ = {
			isa = PBXNativeTarget;
			buildConfigurationList = DF51F9922A44A5E400AE6AFE /* Build configuration list for PBXNativeTarget "HelloWorld" */;
			buildPhases = (
				DF51F9802A44A5E400AE6AFE /* Sources */,
				DF51F9812A44A5E400AE6AFE /* Frameworks */,
				DF51F9822A44A5E400AE6AFE /* Resources */,
			);
			buildRules = (
			);
			dependencies = (
			);
			name = HelloWorld;
			productName = HelloWorld;
			productReference = DF51F9842A44A5E400AE6AFE /* HelloWorld.app */;
			productType = "com.apple.product-type.application";
		};
		DF51F9AA2A44B6D600AE6AFE /* Restart */ = {
			isa = PBXNativeTarget;
			buildConfigurationList = DF51F9B62A44B6D700AE6AFE /* Build configuration list for PBXNativeTarget "Restart" */;
			buildPhases = (
				DF51F9A72A44B6D600AE6AFE /* Sources */,
				DF51F9A82A44B6D600AE6AFE /* Frameworks */,
				DF51F9A92A44B6D600AE6AFE /* Resources */,
			);
			buildRules = (
			);
			dependencies = (
			);
			name = Restart;
			productName = Restart;
			productReference = DF51F9AB2A44B6D600AE6AFE /* Restart.app */;
			productType = "com.apple.product-type.application";
		};
		DFE431CC2A48766C00CBC596 /* Hiking */ = {
			isa = PBXNativeTarget;
			buildConfigurationList = DFE431DA2A48766D00CBC596 /* Build configuration list for PBXNativeTarget "Hiking" */;
			buildPhases = (
				DFE431C92A48766C00CBC596 /* Sources */,
				DFE431CA2A48766C00CBC596 /* Frameworks */,
				DFE431CB2A48766C00CBC596 /* Resources */,
			);
			buildRules = (
			);
			dependencies = (
			);
			name = Hiking;
			productName = Hiking;
			productReference = DFE431CD2A48766C00CBC596 /* Hiking.app */;
			productType = "com.apple.product-type.application";
		};
		DFE431EE2A48946B00CBC596 /* Fructus */ = {
			isa = PBXNativeTarget;
			buildConfigurationList = DFE431FA2A48946D00CBC596 /* Build configuration list for PBXNativeTarget "Fructus" */;
			buildPhases = (
				DFE431EB2A48946B00CBC596 /* Sources */,
				DFE431EC2A48946B00CBC596 /* Frameworks */,
				DFE431ED2A48946B00CBC596 /* Resources */,
			);
			buildRules = (
			);
			dependencies = (
			);
			name = Fructus;
			productName = Fructus;
			productReference = DFE431EF2A48946B00CBC596 /* Fructus.app */;
			productType = "com.apple.product-type.application";
		};
/* End PBXNativeTarget section */

/* Begin PBXProject section */
		DF51F97C2A44A5E400AE6AFE /* Project object */ = {
			isa = PBXProject;
			attributes = {
				BuildIndependentTargetsInParallel = 1;
				LastSwiftUpdateCheck = 1410;
				LastUpgradeCheck = 1410;
				TargetAttributes = {
					DF4744C72A476673004000BC = {
						CreatedOnToolsVersion = 14.1;
					};
					DF51F9832A44A5E400AE6AFE = {
						CreatedOnToolsVersion = 14.1;
					};
					DF51F9AA2A44B6D600AE6AFE = {
						CreatedOnToolsVersion = 14.1;
					};
					DFE431CC2A48766C00CBC596 = {
						CreatedOnToolsVersion = 14.1;
					};
					DFE431EE2A48946B00CBC596 = {
						CreatedOnToolsVersion = 14.1;
					};
				};
			};
			buildConfigurationList = DF51F97F2A44A5E400AE6AFE /* Build configuration list for PBXProject "HelloWorld" */;
			compatibilityVersion = "Xcode 14.0";
			developmentRegion = en;
			hasScannedForEncodings = 0;
			knownRegions = (
				en,
				Base,
			);
			mainGroup = DF51F97B2A44A5E400AE6AFE;
			productRefGroup = DF51F9852A44A5E400AE6AFE /* Products */;
			projectDirPath = "";
			projectRoot = "";
			targets = (
				DF51F9832A44A5E400AE6AFE /* HelloWorld */,
				DF51F9AA2A44B6D600AE6AFE /* Restart */,
				DF4744C72A476673004000BC /* Pinch */,
				DFE431CC2A48766C00CBC596 /* Hiking */,
				DFE431EE2A48946B00CBC596 /* Fructus */,
			);
		};
/* End PBXProject section */

/* Begin PBXResourcesBuildPhase section */
		DF4744C62A476673004000BC /* Resources */ = {
			isa = PBXResourcesBuildPhase;
			buildActionMask = 2147483647;
			files = (
				DF4744D22A476675004000BC /* Preview Assets.xcassets in Resources */,
				DF4744CF2A476675004000BC /* Assets.xcassets in Resources */,
			);
			runOnlyForDeploymentPostprocessing = 0;
		};
		DF51F9822A44A5E400AE6AFE /* Resources */ = {
			isa = PBXResourcesBuildPhase;
			buildActionMask = 2147483647;
			files = (
				DF51F98F2A44A5E400AE6AFE /* Preview Assets.xcassets in Resources */,
				DF51F98C2A44A5E400AE6AFE /* Assets.xcassets in Resources */,
			);
			runOnlyForDeploymentPostprocessing = 0;
		};
		DF51F9A92A44B6D600AE6AFE /* Resources */ = {
			isa = PBXResourcesBuildPhase;
			buildActionMask = 2147483647;
			files = (
				DF51F9BC2A44BA6B00AE6AFE /* chimeup.mp3 in Resources */,
				DF51F9B52A44B6D700AE6AFE /* Preview Assets.xcassets in Resources */,
				DF51F9BB2A44BA6B00AE6AFE /* success.m4a in Resources */,
				DF51F9B22A44B6D700AE6AFE /* Assets.xcassets in Resources */,
			);
			runOnlyForDeploymentPostprocessing = 0;
		};
		DFE431CB2A48766C00CBC596 /* Resources */ = {
			isa = PBXResourcesBuildPhase;
			buildActionMask = 2147483647;
			files = (
				DFE431D72A48766D00CBC596 /* Preview Assets.xcassets in Resources */,
				DFE431D42A48766D00CBC596 /* Assets.xcassets in Resources */,
			);
			runOnlyForDeploymentPostprocessing = 0;
		};
		DFE431ED2A48946B00CBC596 /* Resources */ = {
			isa = PBXResourcesBuildPhase;
			buildActionMask = 2147483647;
			files = (
				DFE431F92A48946D00CBC596 /* Preview Assets.xcassets in Resources */,
				DFE431F62A48946D00CBC596 /* Assets.xcassets in Resources */,
			);
			runOnlyForDeploymentPostprocessing = 0;
		};
/* End PBXResourcesBuildPhase section */

/* Begin PBXSourcesBuildPhase section */
		DF4744C42A476673004000BC /* Sources */ = {
			isa = PBXSourcesBuildPhase;
			buildActionMask = 2147483647;
			files = (
				DF08BA942A485907009A6991 /* ControlImageView.swift in Sources */,
				DF08BA962A48622A009A6991 /* PageModel.swift in Sources */,
				DF4744CD2A476673004000BC /* ContentView.swift in Sources */,
				DF4744CB2A476673004000BC /* PinchApp.swift in Sources */,
				DF08BA982A486287009A6991 /* PageData.swift in Sources */,
				DF08BA922A48516F009A6991 /* InfoPanelView.swift in Sources */,
			);
			runOnlyForDeploymentPostprocessing = 0;
		};
		DF51F9802A44A5E400AE6AFE /* Sources */ = {
			isa = PBXSourcesBuildPhase;
			buildActionMask = 2147483647;
			files = (
				DF51F98A2A44A5E400AE6AFE /* ContentView.swift in Sources */,
				DF51F9882A44A5E400AE6AFE /* HelloWorldApp.swift in Sources */,
			);
			runOnlyForDeploymentPostprocessing = 0;
		};
		DF51F9A72A44B6D600AE6AFE /* Sources */ = {
			isa = PBXSourcesBuildPhase;
			buildActionMask = 2147483647;
			files = (
				DF4744C12A468DDD004000BC /* CircleGroupView.swift in Sources */,
				DF51F9C62A44BE7C00AE6AFE /* OnboardingView.swift in Sources */,
				DF51F9C82A44BE8400AE6AFE /* HomeView.swift in Sources */,
				DF51F9B02A44B6D600AE6AFE /* ContentView.swift in Sources */,
				DF51F9AE2A44B6D600AE6AFE /* RestartApp.swift in Sources */,
				DF4744C32A4704CE004000BC /* AudioPlayer.swift in Sources */,
			);
			runOnlyForDeploymentPostprocessing = 0;
		};
		DFE431C92A48766C00CBC596 /* Sources */ = {
			isa = PBXSourcesBuildPhase;
			buildActionMask = 2147483647;
			files = (
				DFE431D22A48766C00CBC596 /* ContentView.swift in Sources */,
				DFE431E82A488BEA00CBC596 /* CustomCircleView.swift in Sources */,
				DFE431DC2A4878EB00CBC596 /* CardView.swift in Sources */,
				DFE431D02A48766C00CBC596 /* HikingApp.swift in Sources */,
				DFE431E42A48806F00CBC596 /* CustomButtonView.swift in Sources */,
				DFE431E62A4884BA00CBC596 /* GradientButtonStyle.swift in Sources */,
				DFE431EA2A488D6400CBC596 /* MotionAnimationView.swift in Sources */,
				DFE431DF2A4879AE00CBC596 /* CustomBackgroundView.swift in Sources */,
				DFE431E22A487AD200CBC596 /* ColorExtension.swift in Sources */,
			);
			runOnlyForDeploymentPostprocessing = 0;
		};
		DFE431EB2A48946B00CBC596 /* Sources */ = {
			isa = PBXSourcesBuildPhase;
			buildActionMask = 2147483647;
			files = (
				DFE4320A2A49D79300CBC596 /* FruitData.swift in Sources */,
				DF6265032A4B31E8006C5E06 /* SourceLinkView.swift in Sources */,
				DF62650F2A4B42FD006C5E06 /* SettingsRowView.swift in Sources */,
				DFE432002A49C8BA00CBC596 /* FruitCardView.swift in Sources */,
				DFE4320C2A49DF1300CBC596 /* FruitRowView.swift in Sources */,
				DF6265072A4B38DA006C5E06 /* FruitNutrientsView.swift in Sources */,
				DFE432022A49D23400CBC596 /* StartButtonView.swift in Sources */,
				DFE4320E2A49E2BF00CBC596 /* FruitDetailView.swift in Sources */,
				DFE431F42A48946B00CBC596 /* ContentView.swift in Sources */,
				DF6265012A4B2FD5006C5E06 /* FruitHeaderView.swift in Sources */,
				DFE432042A49D50000CBC596 /* OnboardingView.swift in Sources */,
				DF62650B2A4B3EDB006C5E06 /* SettingsLabelView.swift in Sources */,
				DFE432072A49D6AC00CBC596 /* FruitModel.swift in Sources */,
				DFE431F22A48946B00CBC596 /* FructusApp.swift in Sources */,
				DF6265092A4B39B8006C5E06 /* SettingsView.swift in Sources */,
			);
			runOnlyForDeploymentPostprocessing = 0;
		};
/* End PBXSourcesBuildPhase section */

/* Begin XCBuildConfiguration section */
		DF4744D42A476675004000BC /* Debug */ = {
			isa = XCBuildConfiguration;
			buildSettings = {
				ASSETCATALOG_COMPILER_APPICON_NAME = AppIcon;
				ASSETCATALOG_COMPILER_GLOBAL_ACCENT_COLOR_NAME = AccentColor;
				CODE_SIGN_STYLE = Automatic;
				CURRENT_PROJECT_VERSION = 1;
				DEVELOPMENT_ASSET_PATHS = "\"Pinch/Preview Content\"";
				DEVELOPMENT_TEAM = S8BG7546AB;
				ENABLE_PREVIEWS = YES;
				GENERATE_INFOPLIST_FILE = YES;
				INFOPLIST_KEY_UIApplicationSceneManifest_Generation = YES;
				INFOPLIST_KEY_UIApplicationSupportsIndirectInputEvents = YES;
				INFOPLIST_KEY_UILaunchScreen_Generation = YES;
				INFOPLIST_KEY_UISupportedInterfaceOrientations = UIInterfaceOrientationPortrait;
				INFOPLIST_KEY_UISupportedInterfaceOrientations_iPad = "UIInterfaceOrientationLandscapeLeft UIInterfaceOrientationLandscapeRight UIInterfaceOrientationPortrait UIInterfaceOrientationPortraitUpsideDown";
				LD_RUNPATH_SEARCH_PATHS = (
					"$(inherited)",
					"@executable_path/Frameworks",
				);
				MARKETING_VERSION = 1.0;
				PRODUCT_BUNDLE_IDENTIFIER = kr.freakyimac.chopper.Pinch;
				PRODUCT_NAME = "$(TARGET_NAME)";
				SWIFT_EMIT_LOC_STRINGS = YES;
				SWIFT_VERSION = 5.0;
				TARGETED_DEVICE_FAMILY = "1,2";
			};
			name = Debug;
		};
		DF4744D52A476675004000BC /* Release */ = {
			isa = XCBuildConfiguration;
			buildSettings = {
				ASSETCATALOG_COMPILER_APPICON_NAME = AppIcon;
				ASSETCATALOG_COMPILER_GLOBAL_ACCENT_COLOR_NAME = AccentColor;
				CODE_SIGN_STYLE = Automatic;
				CURRENT_PROJECT_VERSION = 1;
				DEVELOPMENT_ASSET_PATHS = "\"Pinch/Preview Content\"";
				DEVELOPMENT_TEAM = S8BG7546AB;
				ENABLE_PREVIEWS = YES;
				GENERATE_INFOPLIST_FILE = YES;
				INFOPLIST_KEY_UIApplicationSceneManifest_Generation = YES;
				INFOPLIST_KEY_UIApplicationSupportsIndirectInputEvents = YES;
				INFOPLIST_KEY_UILaunchScreen_Generation = YES;
				INFOPLIST_KEY_UISupportedInterfaceOrientations = UIInterfaceOrientationPortrait;
				INFOPLIST_KEY_UISupportedInterfaceOrientations_iPad = "UIInterfaceOrientationLandscapeLeft UIInterfaceOrientationLandscapeRight UIInterfaceOrientationPortrait UIInterfaceOrientationPortraitUpsideDown";
				LD_RUNPATH_SEARCH_PATHS = (
					"$(inherited)",
					"@executable_path/Frameworks",
				);
				MARKETING_VERSION = 1.0;
				PRODUCT_BUNDLE_IDENTIFIER = kr.freakyimac.chopper.Pinch;
				PRODUCT_NAME = "$(TARGET_NAME)";
				SWIFT_EMIT_LOC_STRINGS = YES;
				SWIFT_VERSION = 5.0;
				TARGETED_DEVICE_FAMILY = "1,2";
			};
			name = Release;
		};
		DF51F9902A44A5E400AE6AFE /* Debug */ = {
			isa = XCBuildConfiguration;
			buildSettings = {
				ALWAYS_SEARCH_USER_PATHS = NO;
				CLANG_ANALYZER_NONNULL = YES;
				CLANG_ANALYZER_NUMBER_OBJECT_CONVERSION = YES_AGGRESSIVE;
				CLANG_CXX_LANGUAGE_STANDARD = "gnu++20";
				CLANG_ENABLE_MODULES = YES;
				CLANG_ENABLE_OBJC_ARC = YES;
				CLANG_ENABLE_OBJC_WEAK = YES;
				CLANG_WARN_BLOCK_CAPTURE_AUTORELEASING = YES;
				CLANG_WARN_BOOL_CONVERSION = YES;
				CLANG_WARN_COMMA = YES;
				CLANG_WARN_CONSTANT_CONVERSION = YES;
				CLANG_WARN_DEPRECATED_OBJC_IMPLEMENTATIONS = YES;
				CLANG_WARN_DIRECT_OBJC_ISA_USAGE = YES_ERROR;
				CLANG_WARN_DOCUMENTATION_COMMENTS = YES;
				CLANG_WARN_EMPTY_BODY = YES;
				CLANG_WARN_ENUM_CONVERSION = YES;
				CLANG_WARN_INFINITE_RECURSION = YES;
				CLANG_WARN_INT_CONVERSION = YES;
				CLANG_WARN_NON_LITERAL_NULL_CONVERSION = YES;
				CLANG_WARN_OBJC_IMPLICIT_RETAIN_SELF = YES;
				CLANG_WARN_OBJC_LITERAL_CONVERSION = YES;
				CLANG_WARN_OBJC_ROOT_CLASS = YES_ERROR;
				CLANG_WARN_QUOTED_INCLUDE_IN_FRAMEWORK_HEADER = YES;
				CLANG_WARN_RANGE_LOOP_ANALYSIS = YES;
				CLANG_WARN_STRICT_PROTOTYPES = YES;
				CLANG_WARN_SUSPICIOUS_MOVE = YES;
				CLANG_WARN_UNGUARDED_AVAILABILITY = YES_AGGRESSIVE;
				CLANG_WARN_UNREACHABLE_CODE = YES;
				CLANG_WARN__DUPLICATE_METHOD_MATCH = YES;
				COPY_PHASE_STRIP = NO;
				DEBUG_INFORMATION_FORMAT = dwarf;
				ENABLE_STRICT_OBJC_MSGSEND = YES;
				ENABLE_TESTABILITY = YES;
				GCC_C_LANGUAGE_STANDARD = gnu11;
				GCC_DYNAMIC_NO_PIC = NO;
				GCC_NO_COMMON_BLOCKS = YES;
				GCC_OPTIMIZATION_LEVEL = 0;
				GCC_PREPROCESSOR_DEFINITIONS = (
					"DEBUG=1",
					"$(inherited)",
				);
				GCC_WARN_64_TO_32_BIT_CONVERSION = YES;
				GCC_WARN_ABOUT_RETURN_TYPE = YES_ERROR;
				GCC_WARN_UNDECLARED_SELECTOR = YES;
				GCC_WARN_UNINITIALIZED_AUTOS = YES_AGGRESSIVE;
				GCC_WARN_UNUSED_FUNCTION = YES;
				GCC_WARN_UNUSED_VARIABLE = YES;
				IPHONEOS_DEPLOYMENT_TARGET = 16.1;
				MTL_ENABLE_DEBUG_INFO = INCLUDE_SOURCE;
				MTL_FAST_MATH = YES;
				ONLY_ACTIVE_ARCH = YES;
				SDKROOT = iphoneos;
				SWIFT_ACTIVE_COMPILATION_CONDITIONS = DEBUG;
				SWIFT_OPTIMIZATION_LEVEL = "-Onone";
			};
			name = Debug;
		};
		DF51F9912A44A5E400AE6AFE /* Release */ = {
			isa = XCBuildConfiguration;
			buildSettings = {
				ALWAYS_SEARCH_USER_PATHS = NO;
				CLANG_ANALYZER_NONNULL = YES;
				CLANG_ANALYZER_NUMBER_OBJECT_CONVERSION = YES_AGGRESSIVE;
				CLANG_CXX_LANGUAGE_STANDARD = "gnu++20";
				CLANG_ENABLE_MODULES = YES;
				CLANG_ENABLE_OBJC_ARC = YES;
				CLANG_ENABLE_OBJC_WEAK = YES;
				CLANG_WARN_BLOCK_CAPTURE_AUTORELEASING = YES;
				CLANG_WARN_BOOL_CONVERSION = YES;
				CLANG_WARN_COMMA = YES;
				CLANG_WARN_CONSTANT_CONVERSION = YES;
				CLANG_WARN_DEPRECATED_OBJC_IMPLEMENTATIONS = YES;
				CLANG_WARN_DIRECT_OBJC_ISA_USAGE = YES_ERROR;
				CLANG_WARN_DOCUMENTATION_COMMENTS = YES;
				CLANG_WARN_EMPTY_BODY = YES;
				CLANG_WARN_ENUM_CONVERSION = YES;
				CLANG_WARN_INFINITE_RECURSION = YES;
				CLANG_WARN_INT_CONVERSION = YES;
				CLANG_WARN_NON_LITERAL_NULL_CONVERSION = YES;
				CLANG_WARN_OBJC_IMPLICIT_RETAIN_SELF = YES;
				CLANG_WARN_OBJC_LITERAL_CONVERSION = YES;
				CLANG_WARN_OBJC_ROOT_CLASS = YES_ERROR;
				CLANG_WARN_QUOTED_INCLUDE_IN_FRAMEWORK_HEADER = YES;
				CLANG_WARN_RANGE_LOOP_ANALYSIS = YES;
				CLANG_WARN_STRICT_PROTOTYPES = YES;
				CLANG_WARN_SUSPICIOUS_MOVE = YES;
				CLANG_WARN_UNGUARDED_AVAILABILITY = YES_AGGRESSIVE;
				CLANG_WARN_UNREACHABLE_CODE = YES;
				CLANG_WARN__DUPLICATE_METHOD_MATCH = YES;
				COPY_PHASE_STRIP = NO;
				DEBUG_INFORMATION_FORMAT = "dwarf-with-dsym";
				ENABLE_NS_ASSERTIONS = NO;
				ENABLE_STRICT_OBJC_MSGSEND = YES;
				GCC_C_LANGUAGE_STANDARD = gnu11;
				GCC_NO_COMMON_BLOCKS = YES;
				GCC_WARN_64_TO_32_BIT_CONVERSION = YES;
				GCC_WARN_ABOUT_RETURN_TYPE = YES_ERROR;
				GCC_WARN_UNDECLARED_SELECTOR = YES;
				GCC_WARN_UNINITIALIZED_AUTOS = YES_AGGRESSIVE;
				GCC_WARN_UNUSED_FUNCTION = YES;
				GCC_WARN_UNUSED_VARIABLE = YES;
				IPHONEOS_DEPLOYMENT_TARGET = 16.1;
				MTL_ENABLE_DEBUG_INFO = NO;
				MTL_FAST_MATH = YES;
				SDKROOT = iphoneos;
				SWIFT_COMPILATION_MODE = wholemodule;
				SWIFT_OPTIMIZATION_LEVEL = "-O";
				VALIDATE_PRODUCT = YES;
			};
			name = Release;
		};
		DF51F9932A44A5E400AE6AFE /* Debug */ = {
			isa = XCBuildConfiguration;
			buildSettings = {
				ASSETCATALOG_COMPILER_APPICON_NAME = AppIcon;
				ASSETCATALOG_COMPILER_GLOBAL_ACCENT_COLOR_NAME = AccentColor;
				CODE_SIGN_STYLE = Automatic;
				CURRENT_PROJECT_VERSION = 1;
				DEVELOPMENT_ASSET_PATHS = "\"HelloWorld/Preview Content\"";
				DEVELOPMENT_TEAM = S8BG7546AB;
				ENABLE_PREVIEWS = YES;
				GENERATE_INFOPLIST_FILE = YES;
				INFOPLIST_KEY_UIApplicationSceneManifest_Generation = YES;
				INFOPLIST_KEY_UIApplicationSupportsIndirectInputEvents = YES;
				INFOPLIST_KEY_UILaunchScreen_Generation = YES;
				INFOPLIST_KEY_UISupportedInterfaceOrientations_iPad = "UIInterfaceOrientationPortrait UIInterfaceOrientationPortraitUpsideDown UIInterfaceOrientationLandscapeLeft UIInterfaceOrientationLandscapeRight";
				INFOPLIST_KEY_UISupportedInterfaceOrientations_iPhone = "UIInterfaceOrientationPortrait UIInterfaceOrientationLandscapeLeft UIInterfaceOrientationLandscapeRight";
				LD_RUNPATH_SEARCH_PATHS = (
					"$(inherited)",
					"@executable_path/Frameworks",
				);
				MARKETING_VERSION = 1.0;
				PRODUCT_BUNDLE_IDENTIFIER = kr.freakyimac.chopper.HelloWorld;
				PRODUCT_NAME = "$(TARGET_NAME)";
				SWIFT_EMIT_LOC_STRINGS = YES;
				SWIFT_VERSION = 5.0;
				TARGETED_DEVICE_FAMILY = "1,2";
			};
			name = Debug;
		};
		DF51F9942A44A5E400AE6AFE /* Release */ = {
			isa = XCBuildConfiguration;
			buildSettings = {
				ASSETCATALOG_COMPILER_APPICON_NAME = AppIcon;
				ASSETCATALOG_COMPILER_GLOBAL_ACCENT_COLOR_NAME = AccentColor;
				CODE_SIGN_STYLE = Automatic;
				CURRENT_PROJECT_VERSION = 1;
				DEVELOPMENT_ASSET_PATHS = "\"HelloWorld/Preview Content\"";
				DEVELOPMENT_TEAM = S8BG7546AB;
				ENABLE_PREVIEWS = YES;
				GENERATE_INFOPLIST_FILE = YES;
				INFOPLIST_KEY_UIApplicationSceneManifest_Generation = YES;
				INFOPLIST_KEY_UIApplicationSupportsIndirectInputEvents = YES;
				INFOPLIST_KEY_UILaunchScreen_Generation = YES;
				INFOPLIST_KEY_UISupportedInterfaceOrientations_iPad = "UIInterfaceOrientationPortrait UIInterfaceOrientationPortraitUpsideDown UIInterfaceOrientationLandscapeLeft UIInterfaceOrientationLandscapeRight";
				INFOPLIST_KEY_UISupportedInterfaceOrientations_iPhone = "UIInterfaceOrientationPortrait UIInterfaceOrientationLandscapeLeft UIInterfaceOrientationLandscapeRight";
				LD_RUNPATH_SEARCH_PATHS = (
					"$(inherited)",
					"@executable_path/Frameworks",
				);
				MARKETING_VERSION = 1.0;
				PRODUCT_BUNDLE_IDENTIFIER = kr.freakyimac.chopper.HelloWorld;
				PRODUCT_NAME = "$(TARGET_NAME)";
				SWIFT_EMIT_LOC_STRINGS = YES;
				SWIFT_VERSION = 5.0;
				TARGETED_DEVICE_FAMILY = "1,2";
			};
			name = Release;
		};
		DF51F9B72A44B6D700AE6AFE /* Debug */ = {
			isa = XCBuildConfiguration;
			buildSettings = {
				ASSETCATALOG_COMPILER_APPICON_NAME = AppIcon;
				ASSETCATALOG_COMPILER_GLOBAL_ACCENT_COLOR_NAME = AccentColor;
				CODE_SIGN_STYLE = Automatic;
				CURRENT_PROJECT_VERSION = 1;
				DEVELOPMENT_ASSET_PATHS = "\"Restart/Preview Content\"";
				DEVELOPMENT_TEAM = S8BG7546AB;
				ENABLE_PREVIEWS = YES;
				GENERATE_INFOPLIST_FILE = YES;
				INFOPLIST_FILE = Restart/Info.plist;
				INFOPLIST_KEY_UIApplicationSceneManifest_Generation = YES;
				INFOPLIST_KEY_UIApplicationSupportsIndirectInputEvents = YES;
				INFOPLIST_KEY_UISupportedInterfaceOrientations = UIInterfaceOrientationPortrait;
				INFOPLIST_KEY_UISupportedInterfaceOrientations_iPad = "UIInterfaceOrientationLandscapeLeft UIInterfaceOrientationLandscapeRight UIInterfaceOrientationPortrait UIInterfaceOrientationPortraitUpsideDown";
				IPHONEOS_DEPLOYMENT_TARGET = 15.0;
				LD_RUNPATH_SEARCH_PATHS = (
					"$(inherited)",
					"@executable_path/Frameworks",
				);
				MARKETING_VERSION = 1.0;
				PRODUCT_BUNDLE_IDENTIFIER = kr.freakyimac.chopper.Restart;
				PRODUCT_NAME = "$(TARGET_NAME)";
				SWIFT_EMIT_LOC_STRINGS = YES;
				SWIFT_VERSION = 5.0;
				TARGETED_DEVICE_FAMILY = "1,2";
			};
			name = Debug;
		};
		DF51F9B82A44B6D700AE6AFE /* Release */ = {
			isa = XCBuildConfiguration;
			buildSettings = {
				ASSETCATALOG_COMPILER_APPICON_NAME = AppIcon;
				ASSETCATALOG_COMPILER_GLOBAL_ACCENT_COLOR_NAME = AccentColor;
				CODE_SIGN_STYLE = Automatic;
				CURRENT_PROJECT_VERSION = 1;
				DEVELOPMENT_ASSET_PATHS = "\"Restart/Preview Content\"";
				DEVELOPMENT_TEAM = S8BG7546AB;
				ENABLE_PREVIEWS = YES;
				GENERATE_INFOPLIST_FILE = YES;
				INFOPLIST_FILE = Restart/Info.plist;
				INFOPLIST_KEY_UIApplicationSceneManifest_Generation = YES;
				INFOPLIST_KEY_UIApplicationSupportsIndirectInputEvents = YES;
				INFOPLIST_KEY_UISupportedInterfaceOrientations = UIInterfaceOrientationPortrait;
				INFOPLIST_KEY_UISupportedInterfaceOrientations_iPad = "UIInterfaceOrientationLandscapeLeft UIInterfaceOrientationLandscapeRight UIInterfaceOrientationPortrait UIInterfaceOrientationPortraitUpsideDown";
				IPHONEOS_DEPLOYMENT_TARGET = 15.0;
				LD_RUNPATH_SEARCH_PATHS = (
					"$(inherited)",
					"@executable_path/Frameworks",
				);
				MARKETING_VERSION = 1.0;
				PRODUCT_BUNDLE_IDENTIFIER = kr.freakyimac.chopper.Restart;
				PRODUCT_NAME = "$(TARGET_NAME)";
				SWIFT_EMIT_LOC_STRINGS = YES;
				SWIFT_VERSION = 5.0;
				TARGETED_DEVICE_FAMILY = "1,2";
			};
			name = Release;
		};
		DFE431D82A48766D00CBC596 /* Debug */ = {
			isa = XCBuildConfiguration;
			buildSettings = {
				ASSETCATALOG_COMPILER_APPICON_NAME = AppIcon;
				ASSETCATALOG_COMPILER_GLOBAL_ACCENT_COLOR_NAME = AccentColor;
				CODE_SIGN_STYLE = Automatic;
				CURRENT_PROJECT_VERSION = 1;
				DEVELOPMENT_ASSET_PATHS = "\"Hiking/Preview Content\"";
				DEVELOPMENT_TEAM = S8BG7546AB;
				ENABLE_PREVIEWS = YES;
				GENERATE_INFOPLIST_FILE = YES;
				INFOPLIST_KEY_UIApplicationSceneManifest_Generation = YES;
				INFOPLIST_KEY_UIApplicationSupportsIndirectInputEvents = YES;
				INFOPLIST_KEY_UILaunchScreen_Generation = YES;
				INFOPLIST_KEY_UISupportedInterfaceOrientations_iPad = "UIInterfaceOrientationPortrait UIInterfaceOrientationPortraitUpsideDown UIInterfaceOrientationLandscapeLeft UIInterfaceOrientationLandscapeRight";
				INFOPLIST_KEY_UISupportedInterfaceOrientations_iPhone = "UIInterfaceOrientationPortrait UIInterfaceOrientationLandscapeLeft UIInterfaceOrientationLandscapeRight";
				LD_RUNPATH_SEARCH_PATHS = (
					"$(inherited)",
					"@executable_path/Frameworks",
				);
				MARKETING_VERSION = 1.0;
				PRODUCT_BUNDLE_IDENTIFIER = kr.freakyimac.chopper.Hiking;
				PRODUCT_NAME = "$(TARGET_NAME)";
				SWIFT_EMIT_LOC_STRINGS = YES;
				SWIFT_VERSION = 5.0;
				TARGETED_DEVICE_FAMILY = "1,2";
			};
			name = Debug;
		};
		DFE431D92A48766D00CBC596 /* Release */ = {
			isa = XCBuildConfiguration;
			buildSettings = {
				ASSETCATALOG_COMPILER_APPICON_NAME = AppIcon;
				ASSETCATALOG_COMPILER_GLOBAL_ACCENT_COLOR_NAME = AccentColor;
				CODE_SIGN_STYLE = Automatic;
				CURRENT_PROJECT_VERSION = 1;
				DEVELOPMENT_ASSET_PATHS = "\"Hiking/Preview Content\"";
				DEVELOPMENT_TEAM = S8BG7546AB;
				ENABLE_PREVIEWS = YES;
				GENERATE_INFOPLIST_FILE = YES;
				INFOPLIST_KEY_UIApplicationSceneManifest_Generation = YES;
				INFOPLIST_KEY_UIApplicationSupportsIndirectInputEvents = YES;
				INFOPLIST_KEY_UILaunchScreen_Generation = YES;
				INFOPLIST_KEY_UISupportedInterfaceOrientations_iPad = "UIInterfaceOrientationPortrait UIInterfaceOrientationPortraitUpsideDown UIInterfaceOrientationLandscapeLeft UIInterfaceOrientationLandscapeRight";
				INFOPLIST_KEY_UISupportedInterfaceOrientations_iPhone = "UIInterfaceOrientationPortrait UIInterfaceOrientationLandscapeLeft UIInterfaceOrientationLandscapeRight";
				LD_RUNPATH_SEARCH_PATHS = (
					"$(inherited)",
					"@executable_path/Frameworks",
				);
				MARKETING_VERSION = 1.0;
				PRODUCT_BUNDLE_IDENTIFIER = kr.freakyimac.chopper.Hiking;
				PRODUCT_NAME = "$(TARGET_NAME)";
				SWIFT_EMIT_LOC_STRINGS = YES;
				SWIFT_VERSION = 5.0;
				TARGETED_DEVICE_FAMILY = "1,2";
			};
			name = Release;
		};
		DFE431FB2A48946D00CBC596 /* Debug */ = {
			isa = XCBuildConfiguration;
			buildSettings = {
				ASSETCATALOG_COMPILER_APPICON_NAME = AppIcon;
				ASSETCATALOG_COMPILER_GLOBAL_ACCENT_COLOR_NAME = AccentColor;
				CODE_SIGN_STYLE = Automatic;
				CURRENT_PROJECT_VERSION = 1;
				DEVELOPMENT_ASSET_PATHS = "\"Fructus/Preview Content\"";
				DEVELOPMENT_TEAM = S8BG7546AB;
				ENABLE_PREVIEWS = YES;
				GENERATE_INFOPLIST_FILE = YES;
				INFOPLIST_KEY_UIApplicationSceneManifest_Generation = YES;
				INFOPLIST_KEY_UIApplicationSupportsIndirectInputEvents = YES;
				INFOPLIST_KEY_UILaunchScreen_Generation = YES;
				INFOPLIST_KEY_UISupportedInterfaceOrientations_iPad = "UIInterfaceOrientationPortrait UIInterfaceOrientationPortraitUpsideDown UIInterfaceOrientationLandscapeLeft UIInterfaceOrientationLandscapeRight";
				INFOPLIST_KEY_UISupportedInterfaceOrientations_iPhone = "UIInterfaceOrientationPortrait UIInterfaceOrientationLandscapeLeft UIInterfaceOrientationLandscapeRight";
				LD_RUNPATH_SEARCH_PATHS = (
					"$(inherited)",
					"@executable_path/Frameworks",
				);
				MARKETING_VERSION = 1.0;
				PRODUCT_BUNDLE_IDENTIFIER = kr.freakyimac.chopper.Fructus;
				PRODUCT_NAME = "$(TARGET_NAME)";
				SWIFT_EMIT_LOC_STRINGS = YES;
				SWIFT_VERSION = 5.0;
				TARGETED_DEVICE_FAMILY = "1,2";
			};
			name = Debug;
		};
		DFE431FC2A48946D00CBC596 /* Release */ = {
			isa = XCBuildConfiguration;
			buildSettings = {
				ASSETCATALOG_COMPILER_APPICON_NAME = AppIcon;
				ASSETCATALOG_COMPILER_GLOBAL_ACCENT_COLOR_NAME = AccentColor;
				CODE_SIGN_STYLE = Automatic;
				CURRENT_PROJECT_VERSION = 1;
				DEVELOPMENT_ASSET_PATHS = "\"Fructus/Preview Content\"";
				DEVELOPMENT_TEAM = S8BG7546AB;
				ENABLE_PREVIEWS = YES;
				GENERATE_INFOPLIST_FILE = YES;
				INFOPLIST_KEY_UIApplicationSceneManifest_Generation = YES;
				INFOPLIST_KEY_UIApplicationSupportsIndirectInputEvents = YES;
				INFOPLIST_KEY_UILaunchScreen_Generation = YES;
				INFOPLIST_KEY_UISupportedInterfaceOrientations_iPad = "UIInterfaceOrientationPortrait UIInterfaceOrientationPortraitUpsideDown UIInterfaceOrientationLandscapeLeft UIInterfaceOrientationLandscapeRight";
				INFOPLIST_KEY_UISupportedInterfaceOrientations_iPhone = "UIInterfaceOrientationPortrait UIInterfaceOrientationLandscapeLeft UIInterfaceOrientationLandscapeRight";
				LD_RUNPATH_SEARCH_PATHS = (
					"$(inherited)",
					"@executable_path/Frameworks",
				);
				MARKETING_VERSION = 1.0;
				PRODUCT_BUNDLE_IDENTIFIER = kr.freakyimac.chopper.Fructus;
				PRODUCT_NAME = "$(TARGET_NAME)";
				SWIFT_EMIT_LOC_STRINGS = YES;
				SWIFT_VERSION = 5.0;
				TARGETED_DEVICE_FAMILY = "1,2";
			};
			name = Release;
		};
/* End XCBuildConfiguration section */

/* Begin XCConfigurationList section */
		DF4744D32A476675004000BC /* Build configuration list for PBXNativeTarget "Pinch" */ = {
			isa = XCConfigurationList;
			buildConfigurations = (
				DF4744D42A476675004000BC /* Debug */,
				DF4744D52A476675004000BC /* Release */,
			);
			defaultConfigurationIsVisible = 0;
			defaultConfigurationName = Release;
		};
		DF51F97F2A44A5E400AE6AFE /* Build configuration list for PBXProject "HelloWorld" */ = {
			isa = XCConfigurationList;
			buildConfigurations = (
				DF51F9902A44A5E400AE6AFE /* Debug */,
				DF51F9912A44A5E400AE6AFE /* Release */,
			);
			defaultConfigurationIsVisible = 0;
			defaultConfigurationName = Release;
		};
		DF51F9922A44A5E400AE6AFE /* Build configuration list for PBXNativeTarget "HelloWorld" */ = {
			isa = XCConfigurationList;
			buildConfigurations = (
				DF51F9932A44A5E400AE6AFE /* Debug */,
				DF51F9942A44A5E400AE6AFE /* Release */,
			);
			defaultConfigurationIsVisible = 0;
			defaultConfigurationName = Release;
		};
		DF51F9B62A44B6D700AE6AFE /* Build configuration list for PBXNativeTarget "Restart" */ = {
			isa = XCConfigurationList;
			buildConfigurations = (
				DF51F9B72A44B6D700AE6AFE /* Debug */,
				DF51F9B82A44B6D700AE6AFE /* Release */,
			);
			defaultConfigurationIsVisible = 0;
			defaultConfigurationName = Release;
		};
		DFE431DA2A48766D00CBC596 /* Build configuration list for PBXNativeTarget "Hiking" */ = {
			isa = XCConfigurationList;
			buildConfigurations = (
				DFE431D82A48766D00CBC596 /* Debug */,
				DFE431D92A48766D00CBC596 /* Release */,
			);
			defaultConfigurationIsVisible = 0;
			defaultConfigurationName = Release;
		};
		DFE431FA2A48946D00CBC596 /* Build configuration list for PBXNativeTarget "Fructus" */ = {
			isa = XCConfigurationList;
			buildConfigurations = (
				DFE431FB2A48946D00CBC596 /* Debug */,
				DFE431FC2A48946D00CBC596 /* Release */,
			);
			defaultConfigurationIsVisible = 0;
			defaultConfigurationName = Release;
		};
/* End XCConfigurationList section */
	};
	rootObject = DF51F97C2A44A5E400AE6AFE /* Project object */;
}
